
Microsoft Visual Studio Solution File, Format Version 12.00
# Visual Studio 15
VisualStudioVersion = 15.0.26430.16
MinimumVisualStudioVersion = 10.0.40219.1
Project("{FAE04EC0-301F-11D3-BF4B-00C04F79EFBC}") = "WindowsFormsApp1", "WindowsFormsApp1\WindowsFormsApp1.csproj", "{A819FD27-7013-412E-A699-60774B6C65A1}"
EndProject
Project("{FAE04EC0-301F-11D3-BF4B-00C04F79EFBC}") = "1", "..\..\..\..\Documents\Visual Studio 2017\Projects\Grafos\1\1.csproj", "{F5178B37-CFA4-4F45-ADA5-7E5312D270E0}"
EndProject
Global
	GlobalSection(SolutionConfigurationPlatforms) = preSolution
		Debug|Any CPU = Debug|Any CPU
		Release|Any CPU = Release|Any CPU
	EndGlobalSection
	GlobalSection(ProjectConfigurationPlatforms) = postSolution
		{A819FD27-7013-412E-A699-60774B6C65A1}.Debug|Any CPU.ActiveCfg = Debug|Any CPU
		{A819FD27-7013-412E-A699-60774B6C65A1}.Debug|Any CPU.Build.0 = Debug|Any CPU
		{A819FD27-7013-412E-A699-60774B6C65A1}.Release|Any CPU.ActiveCfg = Release|Any CPU
		{A819FD27-7013-412E-A699-60774B6C65A1}.Release|Any CPU.Build.0 = Release|Any CPU
		{F5178B37-CFA4-4F45-ADA5-7E5312D270E0}.Debug|Any CPU.ActiveCfg = Debug|Any CPU
		{F5178B37-CFA4-4F45-ADA5-7E5312D270E0}.Debug|Any CPU.Build.0 = Debug|Any CPU
		{F5178B37-CFA4-4F45-ADA5-7E5312D270E0}.Release|Any CPU.ActiveCfg = Release|Any CPU
		{F5178B37-CFA4-4F45-ADA5-7E5312D270E0}.Release|Any CPU.Build.0 = Release|Any CPU
	EndGlobalSection
	GlobalSection(SolutionProperties) = preSolution
		HideSolutionNode = FALSE
	EndGlobalSection
EndGlobal
